id: KI-MENU-SELECT-POLL-DEADLOCK
title: omarchy-menu-select hangs forever when the summoned menu dies before writing done_file
description: 'The done_file poll in bin/omarchy-menu-select (lines 93-95) has no deadline and no peer-liveness probe. If the menu process dies after a successful summon IPC, nothing writes the done file. The script loops forever and hangs every synchronous caller. The protocol covers user cancel but not peer death. Reproduced live on 2026-09-23: an external 3s timeout killed the waiting script. No requirement pins a bounded wait, so the defect had no contract to violate.'
affected_requirements:
    - SW-REQ-260922-Q6ZS
    - SW-REQ-260922-9ABD
    - SW-REQ-260922-HR29
    - SW-REQ-260922-KRBH
    - SW-REQ-260922-MP00
    - SW-REQ-260922-MH9B
    - SW-REQ-260922-SWFT
evidence_manifests:
    - test/shell.d/menu-select-poll-deadlock-repro.sh
    - proof/evidence/ki-menu-select-poll-deadlock.yaml
severity: medium
severity_basis: reproducer
cve_surface: none
affected_api: bin/omarchy-menu-select (dmenu select protocol)
reproducer_command: /bin/bash test/shell.d/menu-select-poll-deadlock-repro.sh
introduced_in: inception
defect_class: latent
remediation: 'Fixed by omacom/omarchy#9031. The menu commands record the shell process that took the request. They stop waiting about a second after that process exits or a restart replaces it, with exit 1 and "the shell exited before answering". bin/omarchy-menu-handshake holds the check, and omarchy-menu-select, -input and -images use it.'
notes:
    - 'Upstream: original fix PR #9031 (2026-08-29); no issue tracks it; related open PR #8696 waits on the done file instead of polling.'
    - 'Fixed on pr/9031 by omacom/omarchy#9031: test/shell.d/menu-select-poll-deadlock-repro.sh exits 0 there (the stand-in shell dies 0.3s after taking the request; the script exits 1 after about 1s) with its healthy-answer control. Not part of this issue and not changed by the PR: a summon the shell refuses (it answers "unknown" and omarchy-shell exits 0, for example with omarchy.menu in disabledPlugins) still waits while the shell stays alive.'
review_date: "2026-12-23"
status: fixed
history:
    - at: "2026-09-23T16:21:31Z"
      by: agent:kimi-dogfood
      action: created
    - at: "2026-09-23T16:26:57Z"
      by: agent:kimi-dogfood
      action: edit
      detail: add-source-claim=CRS-0014/C01,add-evidence-manifest
    - at: "2026-09-23T16:44:35Z"
      by: agent:kimi-dogfood
      action: edit
      detail: set-severity-basis=reproducer
    - at: "2026-09-23T16:45:17Z"
      by: agent:kimi-dogfood
      action: edit
      detail: set-reproducer-command
    - at: "2026-09-23T16:45:20Z"
      by: agent:kimi-dogfood
      action: capture-evidence
      detail: proof/evidence/ki-menu-select-poll-deadlock.yaml
    - at: "2026-09-23T17:28:52Z"
      by: agent:kimi-dogfood
      action: review
      detail: reviewer=agent:kimi-dogfood,new_review_date=2026-12-23
    - at: "2026-09-27T20:38:13Z"
      by: agent:kimi-zero-warnings
      action: refresh-evidence
      detail: proof/evidence/ki-menu-select-poll-deadlock.yaml
    - at: "2026-09-27T20:38:46Z"
      by: agent:kimi-zero-warnings
      action: refresh-evidence
      detail: proof/evidence/ki-menu-select-poll-deadlock.yaml
    - at: "2026-09-27T20:41:00Z"
      by: agent:kimi-zero-warnings
      action: edit
      detail: ste100-prose-rewrite (description), poc_quality 11-rule review added, negative control added to reproducer
    - at: "2026-09-27T20:44:04Z"
      by: agent:kimi-zero-warnings
      action: refresh-evidence
      detail: proof/evidence/ki-menu-select-poll-deadlock.yaml
    - at: "2026-09-28T10:26:19Z"
      by: human:Leonid Bugaev
      action: refresh-evidence
      detail: proof/evidence/ki-menu-select-poll-deadlock.yaml
    - at: "2026-09-28T11:37:24Z"
      by: human:Leonid Bugaev
      action: refresh-evidence
      detail: proof/evidence/ki-menu-select-poll-deadlock.yaml
    - at: "2026-09-28T14:14:18Z"
      by: human:Leonid Bugaev
      action: refresh-evidence
      detail: proof/evidence/ki-menu-select-poll-deadlock.yaml
    - at: "2026-09-30T07:13:11Z"
      by: human:Leonid Bugaev
      action: edit
      detail: add-requirement=SW-REQ-260922-9ABD (auto-synced from --defer-obligation --ki)
    - at: "2026-09-30T07:28:30Z"
      by: agent:opencode-hazard-c
      action: edit
      detail: add-requirement=SW-REQ-260922-HR29 (auto-synced from --defer-obligation --ki)
    - at: "2026-09-30T07:33:35Z"
      by: agent:opencode-hazard-c
      action: edit
      detail: add-requirement=SW-REQ-260922-KRBH (auto-synced from --defer-obligation --ki)
    - at: "2026-09-30T07:33:47Z"
      by: agent:opencode-hazard-c
      action: edit
      detail: add-requirement=SW-REQ-260922-MP00 (auto-synced from --defer-obligation --ki)
    - at: "2026-09-30T07:33:47Z"
      by: agent:opencode-hazard-c
      action: edit
      detail: add-requirement=SW-REQ-260922-MH9B (auto-synced from --defer-obligation --ki)
    - at: "2026-09-30T07:42:16Z"
      by: agent:opencode-hazard-c
      action: edit
      detail: add-requirement=SW-REQ-260922-SWFT (auto-synced from --defer-obligation --ki)
    - at: "2026-09-30T12:00:43Z"
      by: human:Leonid Bugaev
      action: edit
      detail: add-source-claim=CRS-260930-K02D/C01
    - at: "2026-09-30T18:35:24Z"
      by: agent:opencode-quattro
      action: edit
      detail: set-reproducer-command
    - at: "2026-09-30T19:01:12Z"
      by: agent:opencode-quattro
      action: refresh-evidence
      detail: proof/evidence/ki-menu-select-poll-deadlock.yaml
    - at: "2026-10-04T19:27:18Z"
      by: agent:claude-code
      action: upstream-report
      detail: vendor=omacom/omarchy,channel=issue_tracker,reference=#9031
    - at: "2026-10-04T19:27:18Z"
      by: agent:claude-code
      action: upstream-response
      detail: status=fix_in_progress
    - at: "2026-10-04T19:27:18Z"
      by: agent:claude-code
      action: edit
      detail: note
    - at: "2026-10-04T19:47:36Z"
      by: agent:claude-code
      action: refresh-evidence
      detail: proof/evidence/ki-menu-select-poll-deadlock.yaml
    - at: "2026-10-05T17:12:22Z"
      by: agent:claude-code
      action: refresh-evidence
      detail: proof/evidence/ki-menu-select-poll-deadlock.yaml
    - at: "2026-10-05T17:14:51Z"
      by: agent:claude-code
      action: edit
      detail: set-remediation,append-note,set-status=fixed
upstream_report:
    vendor: omacom/omarchy
    channel: issue_tracker
    tracker_url: https://github.com/omacom/omarchy/pull/9031
    reference: '#9031'
    reported_at: "2026-08-29"
    reported_by: human:github/markvogel
    response:
        status: fix_in_progress
        received_at: "2026-10-04"
        text: Open on 2026-10-04. omarchybot verified this fix PR on 2026-10-01 (labels bug and verified) and found nothing to change. It is not merged.
        response_url: https://github.com/omacom/omarchy/pull/9031#issuecomment-5934574459
poc_quality:
    real_infrastructure: true
    quantitative_impact: true
    control_test: true
    untrusted_attacker: false
    current_deployment_relevance: true
    honest_severity: true
    attacker_profitability: false
    reproducible: true
    no_inflation: true
    operational_path_verified: true
    reachability_verified: false
    notes: |
        real_infrastructure: reproducer runs the real bin/omarchy-menu-select with only the omarchy-shell IPC binary stubbed on PATH; a real process named quickshell, started like omarchy-launch-shell starts the shell, stands in for the shell and is killed after it takes the request (test/shell.d/menu-select-poll-deadlock-repro.sh).
        quantitative_impact: the stand-in shell exits 0.3s after taking the request; the wait is still running at a 5s deadline and is killed by timeout (rc=124) => the wait does not end when its peer dies, hanging every synchronous caller.
        control_test: negative control in the same script - a live shell that writes the selection and done_file gets its answer back promptly (alpha, rc=0), proving the hang is the defect, not the protocol. A shell that stays alive and never answers is not asserted: an open picker may stay open.
        operational_path_verified: control + defect arms exercise the real operational path (summon IPC -> done_file poll) end to end.
        current_deployment_relevance: bin/omarchy-menu-select lines 93-95 carry the unbounded poll on this branch today.
        honest_severity: medium - availability impact on calling scripts; no data loss or privilege change claimed.
        reproducible: deterministic; re-run 2026-09-27 via proof evidence refresh, observed known_issue_reproduced.
        no_inflation: claims limited to the demonstrated hang; no escalation asserted.
    not_applicable:
        attacker_profitability: no attacker exists for this defect class; nothing is gained by any party, so profitability is not applicable
        reachability_verified: 'local-behavioral correctness defect: no ingress access-control or trust boundary to traverse; the poll runs inside the user''s own session script'
        untrusted_attacker: 'local-behavioral reliability defect: the trigger is peer-process death (Quickshell crash/compositor restart), not an adversary; no actor model applies'
submission_validation:
    natspec_review: docs/menu.md (Select and input modes) documents the done-file handshake and a cancel exit of 1, with no deadline. The header comment of bin/omarchy-menu-select covers option formats only. Nothing documents an unbounded wait when the menu process dies.
    commit_origin: abf0a68b5 (2026-05-19, Drop walker + elephant) added the done_file poll to bin/omarchy-menu-select with no deadline and no liveness check.
    intended_path_verified: true
    master_status: identical
source_claim:
    - CRS-0014/C01
    - CRS-260930-K02D/C01
