schema_version: proof.evidence_profile.v1
results:
    - profile: known_issue_reproducer
      requirements:
        - SW-REQ-260912-J8SX
        - SYS-REQ-260912-T0XP
      command: ./pocs/lock-service-failopen-runtime.sh
      status: pass
      observed_result: known_issue_reproduced
      executed_at: "2026-10-04T20:23:31Z"
      input_set:
        - 'Captured by `proof evidence capture KI-LOCK-PAM-FLIP-ENGAGES-LOCK` from the KnownIssue''s reproducer command: ./pocs/lock-service-failopen-runtime.sh. The command exited pass; read as GREEN tripwire (pins the buggy behavior, so it PASSES while the defect is present), so this run is recorded as observed_result: known_issue_reproduced. Polarity basis: stated by the caller via --green-tripwire.'
        - 'Tripwire mutation — the declared product-code edit that flips this reproducer''s outcome: Re-check passwordPamConfigured inside requestSessionLock (shell/plugins/lock/Service.qml:87-99) and stand the lock back down on the false transition: the anchored C01 assertions in pocs/crs-260930-ttvk-qml-static.sh flip from PRESENT to ABSENT and the script exits 1'
        - pocs/lock-service-failopen-runtime.sh
      freshness_hashes:
        pocs/lock-service-failopen-runtime.sh: sha256:adb7b8d42cc83fc932fc54c6b754f8cc411b873945a0cf356ec36bb26b8dd4ab
        proof/known-issues/KI-LOCK-PAM-FLIP-ENGAGES-LOCK.yaml: ki-content-v1:sha256:6e8d1d24f5a84b35564130978136113e7d5764427efb8e5a552763ca1ad490ad
      known_issues:
        - KI-LOCK-PAM-FLIP-ENGAGES-LOCK
      config:
        - os:linux
        - arch:amd64
        - arch:x86_64
        - privilege:non-root
